// !$*UTF8*$!
{
	archiveVersion = 1;
	classes = {
	};
	objectVersion = 56;
	objects = {

/* Begin PBXBuildFile section */
		BEEF200000000000000000A1 /* BeesApp.swift in Sources */ = {isa = PBXBuildFile; fileRef = BEEF100000000000000000A1 /* BeesApp.swift */; };
		BEEF200000000000000000A2 /* ContentView.swift in Sources */ = {isa = PBXBuildFile; fileRef = BEEF100000000000000000A2 /* ContentView.swift */; };
		BEEF200000000000000000A3 /* BeesColors.swift in Sources */ = {isa = PBXBuildFile; fileRef = BEEF100000000000000000A3 /* BeesColors.swift */; };
		BEEF200000000000000000A4 /* BeesTypography.swift in Sources */ = {isa = PBXBuildFile; fileRef = BEEF100000000000000000A4 /* BeesTypography.swift */; };
		BEEF200000000000000000A5 /* BeesSpacing.swift in Sources */ = {isa = PBXBuildFile; fileRef = BEEF100000000000000000A5 /* BeesSpacing.swift */; };
		BEEF200000000000000000A6 /* Tier.swift in Sources */ = {isa = PBXBuildFile; fileRef = BEEF100000000000000000A6 /* Tier.swift */; };
		BEEF200000000000000000A7 /* Hive.swift in Sources */ = {isa = PBXBuildFile; fileRef = BEEF100000000000000000A7 /* Hive.swift */; };
		BEEF200000000000000000A8 /* HiveSnapshot.swift in Sources */ = {isa = PBXBuildFile; fileRef = BEEF100000000000000000A8 /* HiveSnapshot.swift */; };
		BEEF200000000000000000A9 /* HiveService.swift in Sources */ = {isa = PBXBuildFile; fileRef = BEEF100000000000000000A9 /* HiveService.swift */; };
		BEEF200000000000000000AA /* ServiceContainer.swift in Sources */ = {isa = PBXBuildFile; fileRef = BEEF100000000000000000AA /* ServiceContainer.swift */; };
		BEEF200000000000000000AB /* Fixtures.swift in Sources */ = {isa = PBXBuildFile; fileRef = BEEF100000000000000000AB /* Fixtures.swift */; };
		BEEF200000000000000000AC /* HiveTabView.swift in Sources */ = {isa = PBXBuildFile; fileRef = BEEF100000000000000000AC /* HiveTabView.swift */; };
		BEEF200000000000000000AD /* HoneyTabView.swift in Sources */ = {isa = PBXBuildFile; fileRef = BEEF100000000000000000AD /* HoneyTabView.swift */; };
		BEEF200000000000000000AE /* FarmTabView.swift in Sources */ = {isa = PBXBuildFile; fileRef = BEEF100000000000000000AE /* FarmTabView.swift */; };
		BEEF200000000000000000AF /* YouTabView.swift in Sources */ = {isa = PBXBuildFile; fileRef = BEEF100000000000000000AF /* YouTabView.swift */; };
		BEEF200000000000000000B0 /* StatTile.swift in Sources */ = {isa = PBXBuildFile; fileRef = BEEF100000000000000000B0 /* StatTile.swift */; };
		BEEF200000000000000000F3 /* HiveStatCard.swift in Sources */ = {isa = PBXBuildFile; fileRef = BEEF100000000000000000F3 /* HiveStatCard.swift */; };
		BEEF200000000000000000F4 /* JarStudioView.swift in Sources */ = {isa = PBXBuildFile; fileRef = BEEF100000000000000000F4 /* JarStudioView.swift */; };
		BEEF200000000000000000B1 /* HealthPill.swift in Sources */ = {isa = PBXBuildFile; fileRef = BEEF100000000000000000B1 /* HealthPill.swift */; };
		BEEF200000000000000000B2 /* Shipment.swift in Sources */ = {isa = PBXBuildFile; fileRef = BEEF100000000000000000B2 /* Shipment.swift */; };
		BEEF200000000000000000B3 /* StickerDesign.swift in Sources */ = {isa = PBXBuildFile; fileRef = BEEF100000000000000000B3 /* StickerDesign.swift */; };
		BEEF200000000000000000B4 /* StatType.swift in Sources */ = {isa = PBXBuildFile; fileRef = BEEF100000000000000000B4 /* StatType.swift */; };
		BEEF200000000000000000B5 /* ShipmentService.swift in Sources */ = {isa = PBXBuildFile; fileRef = BEEF100000000000000000B5 /* ShipmentService.swift */; };
		BEEF200000000000000000B6 /* StickerService.swift in Sources */ = {isa = PBXBuildFile; fileRef = BEEF100000000000000000B6 /* StickerService.swift */; };
		BEEF200000000000000000B7 /* BeesButton.swift in Sources */ = {isa = PBXBuildFile; fileRef = BEEF100000000000000000B7 /* BeesButton.swift */; };
		BEEF200000000000000000B8 /* JarPreview.swift in Sources */ = {isa = PBXBuildFile; fileRef = BEEF100000000000000000B8 /* JarPreview.swift */; };
		BEEF200000000000000000B9 /* SectionHeader.swift in Sources */ = {isa = PBXBuildFile; fileRef = BEEF100000000000000000B9 /* SectionHeader.swift */; };
		BEEF200000000000000000BA /* StatDetailView.swift in Sources */ = {isa = PBXBuildFile; fileRef = BEEF100000000000000000BA /* StatDetailView.swift */; };
		BEEF200000000000000000BB /* HoneyHomeView.swift in Sources */ = {isa = PBXBuildFile; fileRef = BEEF100000000000000000BB /* HoneyHomeView.swift */; };
		BEEF200000000000000000BC /* StickerCustomizerView.swift in Sources */ = {isa = PBXBuildFile; fileRef = BEEF100000000000000000BC /* StickerCustomizerView.swift */; };
		BEEF200000000000000000BD /* OnboardingFlow.swift in Sources */ = {isa = PBXBuildFile; fileRef = BEEF100000000000000000BD /* OnboardingFlow.swift */; };
		BEEF200000000000000000BE /* TierComparisonView.swift in Sources */ = {isa = PBXBuildFile; fileRef = BEEF100000000000000000BE /* TierComparisonView.swift */; };
		BEEF200000000000000000BF /* TutorialCardsView.swift in Sources */ = {isa = PBXBuildFile; fileRef = BEEF100000000000000000BF /* TutorialCardsView.swift */; };
		BEEF200000000000000000D1 /* HiveRevealView.swift in Sources */ = {isa = PBXBuildFile; fileRef = BEEF100000000000000000D1 /* HiveRevealView.swift */; };
		BEEF200000000000000000D2 /* HiveNamingView.swift in Sources */ = {isa = PBXBuildFile; fileRef = BEEF100000000000000000D2 /* HiveNamingView.swift */; };
		BEEF200000000000000000D3 /* WelcomeView.swift in Sources */ = {isa = PBXBuildFile; fileRef = BEEF100000000000000000D3 /* WelcomeView.swift */; };
		BEEF200000000000000000D4 /* Achievement.swift in Sources */ = {isa = PBXBuildFile; fileRef = BEEF100000000000000000D4 /* Achievement.swift */; };
		BEEF200000000000000000D5 /* AuthService.swift in Sources */ = {isa = PBXBuildFile; fileRef = BEEF100000000000000000D5 /* AuthService.swift */; };
		BEEF200000000000000000D6 /* AchievementService.swift in Sources */ = {isa = PBXBuildFile; fileRef = BEEF100000000000000000D6 /* AchievementService.swift */; };
		BEEF200000000000000000D7 /* AuthFlowView.swift in Sources */ = {isa = PBXBuildFile; fileRef = BEEF100000000000000000D7 /* AuthFlowView.swift */; };
		BEEF200000000000000000D8 /* ValueCarouselView.swift in Sources */ = {isa = PBXBuildFile; fileRef = BEEF100000000000000000D8 /* ValueCarouselView.swift */; };
		BEEF200000000000000000D9 /* AuthPickerView.swift in Sources */ = {isa = PBXBuildFile; fileRef = BEEF100000000000000000D9 /* AuthPickerView.swift */; };
		BEEF200000000000000000DA /* EmailAuthFormView.swift in Sources */ = {isa = PBXBuildFile; fileRef = BEEF100000000000000000DA /* EmailAuthFormView.swift */; };
		BEEF200000000000000000DB /* DemoHiveViewerView.swift in Sources */ = {isa = PBXBuildFile; fileRef = BEEF100000000000000000DB /* DemoHiveViewerView.swift */; };
		BEEF200000000000000000DC /* GiftFlow.swift in Sources */ = {isa = PBXBuildFile; fileRef = BEEF100000000000000000DC /* GiftFlow.swift */; };
		BEEF200000000000000000DD /* AchievementsView.swift in Sources */ = {isa = PBXBuildFile; fileRef = BEEF100000000000000000DD /* AchievementsView.swift */; };
		BEEF200000000000000000DE /* AchievementDetailView.swift in Sources */ = {isa = PBXBuildFile; fileRef = BEEF100000000000000000DE /* AchievementDetailView.swift */; };
		BEEF200000000000000000DF /* SubscriptionHomeView.swift in Sources */ = {isa = PBXBuildFile; fileRef = BEEF100000000000000000DF /* SubscriptionHomeView.swift */; };
		BEEF200000000000000000E0 /* SwitchTierView.swift in Sources */ = {isa = PBXBuildFile; fileRef = BEEF100000000000000000E0 /* SwitchTierView.swift */; };
		BEEF200000000000000000E1 /* BillingHistoryView.swift in Sources */ = {isa = PBXBuildFile; fileRef = BEEF100000000000000000E1 /* BillingHistoryView.swift */; };
		BEEF200000000000000000E2 /* CancelSubscriptionFlow.swift in Sources */ = {isa = PBXBuildFile; fileRef = BEEF100000000000000000E2 /* CancelSubscriptionFlow.swift */; };
		BEEF200000000000000000E3 /* SettingsHomeView.swift in Sources */ = {isa = PBXBuildFile; fileRef = BEEF100000000000000000E3 /* SettingsHomeView.swift */; };
		BEEF200000000000000000E4 /* SettingsSubViews.swift in Sources */ = {isa = PBXBuildFile; fileRef = BEEF100000000000000000E4 /* SettingsSubViews.swift */; };
		BEEF200000000000000000E5 /* LoopingVideoPlayer.swift in Sources */ = {isa = PBXBuildFile; fileRef = BEEF100000000000000000E5 /* LoopingVideoPlayer.swift */; };
		BEEF200000000000000000E6 /* OnboardingVideoView.swift in Sources */ = {isa = PBXBuildFile; fileRef = BEEF100000000000000000E6 /* OnboardingVideoView.swift */; };
		BEEF200000000000000000E7 /* VideoIntroView.swift in Sources */ = {isa = PBXBuildFile; fileRef = BEEF100000000000000000E7 /* VideoIntroView.swift */; };
		BEEF200000000000000000E8 /* SegmentedProgressBar.swift in Sources */ = {isa = PBXBuildFile; fileRef = BEEF100000000000000000E8 /* SegmentedProgressBar.swift */; };
		BEEF200000000000000000E9 /* IntroFlow.swift in Sources */ = {isa = PBXBuildFile; fileRef = BEEF100000000000000000E9 /* IntroFlow.swift */; };
		BEEF200000000000000000EA /* TutorialFlow.swift in Sources */ = {isa = PBXBuildFile; fileRef = BEEF100000000000000000EA /* TutorialFlow.swift */; };
		BEEF200000000000000000F2 /* Videos in Resources */ = {isa = PBXBuildFile; fileRef = BEEF100000000000000000F2 /* Videos */; };
		BEEF200000000000000000C1 /* Assets.xcassets in Resources */ = {isa = PBXBuildFile; fileRef = BEEF100000000000000000C1 /* Assets.xcassets */; };
		BEEF200000000000000000C2 /* Preview Assets.xcassets in Resources */ = {isa = PBXBuildFile; fileRef = BEEF100000000000000000C2 /* Preview Assets.xcassets */; };
/* End PBXBuildFile section */

/* Begin PBXFileReference section */
		BEEF100000000000000000A1 /* BeesApp.swift */ = {isa = PBXFileReference; lastKnownFileType = sourcecode.swift; path = BeesApp.swift; sourceTree = "<group>"; };
		BEEF100000000000000000A2 /* ContentView.swift */ = {isa = PBXFileReference; lastKnownFileType = sourcecode.swift; path = ContentView.swift; sourceTree = "<group>"; };
		BEEF100000000000000000A3 /* BeesColors.swift */ = {isa = PBXFileReference; lastKnownFileType = sourcecode.swift; path = BeesColors.swift; sourceTree = "<group>"; };
		BEEF100000000000000000A4 /* BeesTypography.swift */ = {isa = PBXFileReference; lastKnownFileType = sourcecode.swift; path = BeesTypography.swift; sourceTree = "<group>"; };
		BEEF100000000000000000A5 /* BeesSpacing.swift */ = {isa = PBXFileReference; lastKnownFileType = sourcecode.swift; path = BeesSpacing.swift; sourceTree = "<group>"; };
		BEEF100000000000000000A6 /* Tier.swift */ = {isa = PBXFileReference; lastKnownFileType = sourcecode.swift; path = Tier.swift; sourceTree = "<group>"; };
		BEEF100000000000000000A7 /* Hive.swift */ = {isa = PBXFileReference; lastKnownFileType = sourcecode.swift; path = Hive.swift; sourceTree = "<group>"; };
		BEEF100000000000000000A8 /* HiveSnapshot.swift */ = {isa = PBXFileReference; lastKnownFileType = sourcecode.swift; path = HiveSnapshot.swift; sourceTree = "<group>"; };
		BEEF100000000000000000A9 /* HiveService.swift */ = {isa = PBXFileReference; lastKnownFileType = sourcecode.swift; path = HiveService.swift; sourceTree = "<group>"; };
		BEEF100000000000000000AA /* ServiceContainer.swift */ = {isa = PBXFileReference; lastKnownFileType = sourcecode.swift; path = ServiceContainer.swift; sourceTree = "<group>"; };
		BEEF100000000000000000AB /* Fixtures.swift */ = {isa = PBXFileReference; lastKnownFileType = sourcecode.swift; path = Fixtures.swift; sourceTree = "<group>"; };
		BEEF100000000000000000AC /* HiveTabView.swift */ = {isa = PBXFileReference; lastKnownFileType = sourcecode.swift; path = HiveTabView.swift; sourceTree = "<group>"; };
		BEEF100000000000000000AD /* HoneyTabView.swift */ = {isa = PBXFileReference; lastKnownFileType = sourcecode.swift; path = HoneyTabView.swift; sourceTree = "<group>"; };
		BEEF100000000000000000AE /* FarmTabView.swift */ = {isa = PBXFileReference; lastKnownFileType = sourcecode.swift; path = FarmTabView.swift; sourceTree = "<group>"; };
		BEEF100000000000000000AF /* YouTabView.swift */ = {isa = PBXFileReference; lastKnownFileType = sourcecode.swift; path = YouTabView.swift; sourceTree = "<group>"; };
		BEEF100000000000000000B0 /* StatTile.swift */ = {isa = PBXFileReference; lastKnownFileType = sourcecode.swift; path = StatTile.swift; sourceTree = "<group>"; };
		BEEF100000000000000000F3 /* HiveStatCard.swift */ = {isa = PBXFileReference; lastKnownFileType = sourcecode.swift; path = HiveStatCard.swift; sourceTree = "<group>"; };
		BEEF100000000000000000F4 /* JarStudioView.swift */ = {isa = PBXFileReference; lastKnownFileType = sourcecode.swift; path = JarStudioView.swift; sourceTree = "<group>"; };
		BEEF100000000000000000B1 /* HealthPill.swift */ = {isa = PBXFileReference; lastKnownFileType = sourcecode.swift; path = HealthPill.swift; sourceTree = "<group>"; };
		BEEF100000000000000000B2 /* Shipment.swift */ = {isa = PBXFileReference; lastKnownFileType = sourcecode.swift; path = Shipment.swift; sourceTree = "<group>"; };
		BEEF100000000000000000B3 /* StickerDesign.swift */ = {isa = PBXFileReference; lastKnownFileType = sourcecode.swift; path = StickerDesign.swift; sourceTree = "<group>"; };
		BEEF100000000000000000B4 /* StatType.swift */ = {isa = PBXFileReference; lastKnownFileType = sourcecode.swift; path = StatType.swift; sourceTree = "<group>"; };
		BEEF100000000000000000B5 /* ShipmentService.swift */ = {isa = PBXFileReference; lastKnownFileType = sourcecode.swift; path = ShipmentService.swift; sourceTree = "<group>"; };
		BEEF100000000000000000B6 /* StickerService.swift */ = {isa = PBXFileReference; lastKnownFileType = sourcecode.swift; path = StickerService.swift; sourceTree = "<group>"; };
		BEEF100000000000000000B7 /* BeesButton.swift */ = {isa = PBXFileReference; lastKnownFileType = sourcecode.swift; path = BeesButton.swift; sourceTree = "<group>"; };
		BEEF100000000000000000B8 /* JarPreview.swift */ = {isa = PBXFileReference; lastKnownFileType = sourcecode.swift; path = JarPreview.swift; sourceTree = "<group>"; };
		BEEF100000000000000000B9 /* SectionHeader.swift */ = {isa = PBXFileReference; lastKnownFileType = sourcecode.swift; path = SectionHeader.swift; sourceTree = "<group>"; };
		BEEF100000000000000000BA /* StatDetailView.swift */ = {isa = PBXFileReference; lastKnownFileType = sourcecode.swift; path = StatDetailView.swift; sourceTree = "<group>"; };
		BEEF100000000000000000BB /* HoneyHomeView.swift */ = {isa = PBXFileReference; lastKnownFileType = sourcecode.swift; path = HoneyHomeView.swift; sourceTree = "<group>"; };
		BEEF100000000000000000BC /* StickerCustomizerView.swift */ = {isa = PBXFileReference; lastKnownFileType = sourcecode.swift; path = StickerCustomizerView.swift; sourceTree = "<group>"; };
		BEEF100000000000000000BD /* OnboardingFlow.swift */ = {isa = PBXFileReference; lastKnownFileType = sourcecode.swift; path = OnboardingFlow.swift; sourceTree = "<group>"; };
		BEEF100000000000000000BE /* TierComparisonView.swift */ = {isa = PBXFileReference; lastKnownFileType = sourcecode.swift; path = TierComparisonView.swift; sourceTree = "<group>"; };
		BEEF100000000000000000BF /* TutorialCardsView.swift */ = {isa = PBXFileReference; lastKnownFileType = sourcecode.swift; path = TutorialCardsView.swift; sourceTree = "<group>"; };
		BEEF100000000000000000D1 /* HiveRevealView.swift */ = {isa = PBXFileReference; lastKnownFileType = sourcecode.swift; path = HiveRevealView.swift; sourceTree = "<group>"; };
		BEEF100000000000000000D2 /* HiveNamingView.swift */ = {isa = PBXFileReference; lastKnownFileType = sourcecode.swift; path = HiveNamingView.swift; sourceTree = "<group>"; };
		BEEF100000000000000000D3 /* WelcomeView.swift */ = {isa = PBXFileReference; lastKnownFileType = sourcecode.swift; path = WelcomeView.swift; sourceTree = "<group>"; };
		BEEF100000000000000000D4 /* Achievement.swift */ = {isa = PBXFileReference; lastKnownFileType = sourcecode.swift; path = Achievement.swift; sourceTree = "<group>"; };
		BEEF100000000000000000D5 /* AuthService.swift */ = {isa = PBXFileReference; lastKnownFileType = sourcecode.swift; path = AuthService.swift; sourceTree = "<group>"; };
		BEEF100000000000000000D6 /* AchievementService.swift */ = {isa = PBXFileReference; lastKnownFileType = sourcecode.swift; path = AchievementService.swift; sourceTree = "<group>"; };
		BEEF100000000000000000D7 /* AuthFlowView.swift */ = {isa = PBXFileReference; lastKnownFileType = sourcecode.swift; path = AuthFlowView.swift; sourceTree = "<group>"; };
		BEEF100000000000000000D8 /* ValueCarouselView.swift */ = {isa = PBXFileReference; lastKnownFileType = sourcecode.swift; path = ValueCarouselView.swift; sourceTree = "<group>"; };
		BEEF100000000000000000D9 /* AuthPickerView.swift */ = {isa = PBXFileReference; lastKnownFileType = sourcecode.swift; path = AuthPickerView.swift; sourceTree = "<group>"; };
		BEEF100000000000000000DA /* EmailAuthFormView.swift */ = {isa = PBXFileReference; lastKnownFileType = sourcecode.swift; path = EmailAuthFormView.swift; sourceTree = "<group>"; };
		BEEF100000000000000000DB /* DemoHiveViewerView.swift */ = {isa = PBXFileReference; lastKnownFileType = sourcecode.swift; path = DemoHiveViewerView.swift; sourceTree = "<group>"; };
		BEEF100000000000000000DC /* GiftFlow.swift */ = {isa = PBXFileReference; lastKnownFileType = sourcecode.swift; path = GiftFlow.swift; sourceTree = "<group>"; };
		BEEF100000000000000000DD /* AchievementsView.swift */ = {isa = PBXFileReference; lastKnownFileType = sourcecode.swift; path = AchievementsView.swift; sourceTree = "<group>"; };
		BEEF100000000000000000DE /* AchievementDetailView.swift */ = {isa = PBXFileReference; lastKnownFileType = sourcecode.swift; path = AchievementDetailView.swift; sourceTree = "<group>"; };
		BEEF100000000000000000DF /* SubscriptionHomeView.swift */ = {isa = PBXFileReference; lastKnownFileType = sourcecode.swift; path = SubscriptionHomeView.swift; sourceTree = "<group>"; };
		BEEF100000000000000000E0 /* SwitchTierView.swift */ = {isa = PBXFileReference; lastKnownFileType = sourcecode.swift; path = SwitchTierView.swift; sourceTree = "<group>"; };
		BEEF100000000000000000E1 /* BillingHistoryView.swift */ = {isa = PBXFileReference; lastKnownFileType = sourcecode.swift; path = BillingHistoryView.swift; sourceTree = "<group>"; };
		BEEF100000000000000000E2 /* CancelSubscriptionFlow.swift */ = {isa = PBXFileReference; lastKnownFileType = sourcecode.swift; path = CancelSubscriptionFlow.swift; sourceTree = "<group>"; };
		BEEF100000000000000000E3 /* SettingsHomeView.swift */ = {isa = PBXFileReference; lastKnownFileType = sourcecode.swift; path = SettingsHomeView.swift; sourceTree = "<group>"; };
		BEEF100000000000000000E4 /* SettingsSubViews.swift */ = {isa = PBXFileReference; lastKnownFileType = sourcecode.swift; path = SettingsSubViews.swift; sourceTree = "<group>"; };
		BEEF100000000000000000E5 /* LoopingVideoPlayer.swift */ = {isa = PBXFileReference; lastKnownFileType = sourcecode.swift; path = LoopingVideoPlayer.swift; sourceTree = "<group>"; };
		BEEF100000000000000000E6 /* OnboardingVideoView.swift */ = {isa = PBXFileReference; lastKnownFileType = sourcecode.swift; path = OnboardingVideoView.swift; sourceTree = "<group>"; };
		BEEF100000000000000000E7 /* VideoIntroView.swift */ = {isa = PBXFileReference; lastKnownFileType = sourcecode.swift; path = VideoIntroView.swift; sourceTree = "<group>"; };
		BEEF100000000000000000E8 /* SegmentedProgressBar.swift */ = {isa = PBXFileReference; lastKnownFileType = sourcecode.swift; path = SegmentedProgressBar.swift; sourceTree = "<group>"; };
		BEEF100000000000000000E9 /* IntroFlow.swift */ = {isa = PBXFileReference; lastKnownFileType = sourcecode.swift; path = IntroFlow.swift; sourceTree = "<group>"; };
		BEEF100000000000000000EA /* TutorialFlow.swift */ = {isa = PBXFileReference; lastKnownFileType = sourcecode.swift; path = TutorialFlow.swift; sourceTree = "<group>"; };
		BEEF100000000000000000F2 /* Videos */ = {isa = PBXFileReference; lastKnownFileType = folder; path = Videos; sourceTree = "<group>"; };
		BEEF100000000000000000C1 /* Assets.xcassets */ = {isa = PBXFileReference; lastKnownFileType = folder.assetcatalog; path = Assets.xcassets; sourceTree = "<group>"; };
		BEEF100000000000000000C2 /* Preview Assets.xcassets */ = {isa = PBXFileReference; lastKnownFileType = folder.assetcatalog; path = "Preview Assets.xcassets"; sourceTree = "<group>"; };
		BEEF100000000000000000F1 /* Bees.app */ = {isa = PBXFileReference; explicitFileType = wrapper.application; includeInIndex = 0; path = Bees.app; sourceTree = BUILT_PRODUCTS_DIR; };
/* End PBXFileReference section */

/* Begin PBXFrameworksBuildPhase section */
		BEEF700000000000000000A2 /* Frameworks */ = {
			isa = PBXFrameworksBuildPhase;
			buildActionMask = 2147483647;
			files = (
			);
			runOnlyForDeploymentPostprocessing = 0;
		};
/* End PBXFrameworksBuildPhase section */

/* Begin PBXGroup section */
		BEEF300000000000000000A0 = {
			isa = PBXGroup;
			children = (
				BEEF300000000000000000A1 /* Bees */,
				BEEF300000000000000000A2 /* Products */,
			);
			sourceTree = "<group>";
		};
		BEEF300000000000000000A1 /* Bees */ = {
			isa = PBXGroup;
			children = (
				BEEF100000000000000000A1 /* BeesApp.swift */,
				BEEF100000000000000000A2 /* ContentView.swift */,
				BEEF300000000000000000A3 /* DesignSystem */,
				BEEF300000000000000000A4 /* Models */,
				BEEF300000000000000000A5 /* Services */,
				BEEF300000000000000000A6 /* Views */,
				BEEF100000000000000000C1 /* Assets.xcassets */,
				BEEF100000000000000000F2 /* Videos */,
				BEEF300000000000000000A9 /* Preview Content */,
			);
			path = Bees;
			sourceTree = "<group>";
		};
		BEEF300000000000000000A2 /* Products */ = {
			isa = PBXGroup;
			children = (
				BEEF100000000000000000F1 /* Bees.app */,
			);
			name = Products;
			sourceTree = "<group>";
		};
		BEEF300000000000000000A3 /* DesignSystem */ = {
			isa = PBXGroup;
			children = (
				BEEF100000000000000000A3 /* BeesColors.swift */,
				BEEF100000000000000000A4 /* BeesTypography.swift */,
				BEEF100000000000000000A5 /* BeesSpacing.swift */,
			);
			path = DesignSystem;
			sourceTree = "<group>";
		};
		BEEF300000000000000000A4 /* Models */ = {
			isa = PBXGroup;
			children = (
				BEEF100000000000000000A6 /* Tier.swift */,
				BEEF100000000000000000A7 /* Hive.swift */,
				BEEF100000000000000000A8 /* HiveSnapshot.swift */,
				BEEF100000000000000000B2 /* Shipment.swift */,
				BEEF100000000000000000B3 /* StickerDesign.swift */,
				BEEF100000000000000000B4 /* StatType.swift */,
				BEEF100000000000000000D4 /* Achievement.swift */,
			);
			path = Models;
			sourceTree = "<group>";
		};
		BEEF300000000000000000A5 /* Services */ = {
			isa = PBXGroup;
			children = (
				BEEF100000000000000000D5 /* AuthService.swift */,
				BEEF100000000000000000A9 /* HiveService.swift */,
				BEEF100000000000000000B5 /* ShipmentService.swift */,
				BEEF100000000000000000B6 /* StickerService.swift */,
				BEEF100000000000000000D6 /* AchievementService.swift */,
				BEEF100000000000000000AA /* ServiceContainer.swift */,
				BEEF100000000000000000AB /* Fixtures.swift */,
			);
			path = Services;
			sourceTree = "<group>";
		};
		BEEF300000000000000000A6 /* Views */ = {
			isa = PBXGroup;
			children = (
				BEEF300000000000000000A7 /* Tabs */,
				BEEF300000000000000000A8 /* Components */,
				BEEF300000000000000000AA /* Hive */,
				BEEF300000000000000000AB /* Honey */,
				BEEF300000000000000000AC /* Onboarding */,
				BEEF300000000000000000AD /* Auth */,
				BEEF300000000000000000AF /* You */,
			);
			path = Views;
			sourceTree = "<group>";
		};
		BEEF300000000000000000A7 /* Tabs */ = {
			isa = PBXGroup;
			children = (
				BEEF100000000000000000AC /* HiveTabView.swift */,
				BEEF100000000000000000AD /* HoneyTabView.swift */,
				BEEF100000000000000000AE /* FarmTabView.swift */,
				BEEF100000000000000000AF /* YouTabView.swift */,
			);
			path = Tabs;
			sourceTree = "<group>";
		};
		BEEF300000000000000000A8 /* Components */ = {
			isa = PBXGroup;
			children = (
				BEEF100000000000000000B0 /* StatTile.swift */,
				BEEF100000000000000000F3 /* HiveStatCard.swift */,
				BEEF100000000000000000B1 /* HealthPill.swift */,
				BEEF100000000000000000B7 /* BeesButton.swift */,
				BEEF100000000000000000B8 /* JarPreview.swift */,
				BEEF100000000000000000B9 /* SectionHeader.swift */,
				BEEF100000000000000000E5 /* LoopingVideoPlayer.swift */,
				BEEF100000000000000000E8 /* SegmentedProgressBar.swift */,
			);
			path = Components;
			sourceTree = "<group>";
		};
		BEEF300000000000000000A9 /* Preview Content */ = {
			isa = PBXGroup;
			children = (
				BEEF100000000000000000C2 /* Preview Assets.xcassets */,
			);
			path = "Preview Content";
			sourceTree = "<group>";
		};
		BEEF300000000000000000AA /* Hive */ = {
			isa = PBXGroup;
			children = (
				BEEF100000000000000000BA /* StatDetailView.swift */,
			);
			path = Hive;
			sourceTree = "<group>";
		};
		BEEF300000000000000000AB /* Honey */ = {
			isa = PBXGroup;
			children = (
				BEEF100000000000000000BB /* HoneyHomeView.swift */,
				BEEF100000000000000000BC /* StickerCustomizerView.swift */,
				BEEF100000000000000000F4 /* JarStudioView.swift */,
				BEEF300000000000000000AE /* Gift */,
			);
			path = Honey;
			sourceTree = "<group>";
		};
		BEEF300000000000000000AC /* Onboarding */ = {
			isa = PBXGroup;
			children = (
				BEEF100000000000000000BD /* OnboardingFlow.swift */,
				BEEF100000000000000000BE /* TierComparisonView.swift */,
				BEEF100000000000000000EA /* TutorialFlow.swift */,
				BEEF100000000000000000BF /* TutorialCardsView.swift */,
				BEEF100000000000000000E6 /* OnboardingVideoView.swift */,
				BEEF100000000000000000D1 /* HiveRevealView.swift */,
				BEEF100000000000000000D2 /* HiveNamingView.swift */,
				BEEF100000000000000000D3 /* WelcomeView.swift */,
			);
			path = Onboarding;
			sourceTree = "<group>";
		};
		BEEF300000000000000000AD /* Auth */ = {
			isa = PBXGroup;
			children = (
				BEEF100000000000000000D7 /* AuthFlowView.swift */,
				BEEF100000000000000000E9 /* IntroFlow.swift */,
				BEEF100000000000000000D8 /* ValueCarouselView.swift */,
				BEEF100000000000000000E7 /* VideoIntroView.swift */,
				BEEF100000000000000000D9 /* AuthPickerView.swift */,
				BEEF100000000000000000DA /* EmailAuthFormView.swift */,
				BEEF100000000000000000DB /* DemoHiveViewerView.swift */,
			);
			path = Auth;
			sourceTree = "<group>";
		};
		BEEF300000000000000000AE /* Gift */ = {
			isa = PBXGroup;
			children = (
				BEEF100000000000000000DC /* GiftFlow.swift */,
			);
			path = Gift;
			sourceTree = "<group>";
		};
		BEEF300000000000000000AF /* You */ = {
			isa = PBXGroup;
			children = (
				BEEF300000000000000000B0 /* Achievements */,
				BEEF300000000000000000B1 /* Subscription */,
				BEEF300000000000000000B2 /* Settings */,
			);
			path = You;
			sourceTree = "<group>";
		};
		BEEF300000000000000000B0 /* Achievements */ = {
			isa = PBXGroup;
			children = (
				BEEF100000000000000000DD /* AchievementsView.swift */,
				BEEF100000000000000000DE /* AchievementDetailView.swift */,
			);
			path = Achievements;
			sourceTree = "<group>";
		};
		BEEF300000000000000000B1 /* Subscription */ = {
			isa = PBXGroup;
			children = (
				BEEF100000000000000000DF /* SubscriptionHomeView.swift */,
				BEEF100000000000000000E0 /* SwitchTierView.swift */,
				BEEF100000000000000000E1 /* BillingHistoryView.swift */,
				BEEF100000000000000000E2 /* CancelSubscriptionFlow.swift */,
			);
			path = Subscription;
			sourceTree = "<group>";
		};
		BEEF300000000000000000B2 /* Settings */ = {
			isa = PBXGroup;
			children = (
				BEEF100000000000000000E3 /* SettingsHomeView.swift */,
				BEEF100000000000000000E4 /* SettingsSubViews.swift */,
			);
			path = Settings;
			sourceTree = "<group>";
		};
/* End PBXGroup section */

/* Begin PBXNativeTarget section */
		BEEF400000000000000000A1 /* Bees */ = {
			isa = PBXNativeTarget;
			buildConfigurationList = BEEF800000000000000000A2 /* Build configuration list for PBXNativeTarget "Bees" */;
			buildPhases = (
				BEEF700000000000000000A1 /* Sources */,
				BEEF700000000000000000A2 /* Frameworks */,
				BEEF700000000000000000A3 /* Resources */,
			);
			buildRules = (
			);
			dependencies = (
			);
			name = Bees;
			productName = Bees;
			productReference = BEEF100000000000000000F1 /* Bees.app */;
			productType = "com.apple.product-type.application";
		};
/* End PBXNativeTarget section */

/* Begin PBXProject section */
		BEEF600000000000000000A1 /* Project object */ = {
			isa = PBXProject;
			attributes = {
				BuildIndependentTargetsInParallel = 1;
				LastSwiftUpdateCheck = 1500;
				LastUpgradeCheck = 1500;
				TargetAttributes = {
					BEEF400000000000000000A1 = {
						CreatedOnToolsVersion = 15.0;
					};
				};
			};
			buildConfigurationList = BEEF800000000000000000A1 /* Build configuration list for PBXProject "Bees" */;
			compatibilityVersion = "Xcode 14.0";
			developmentRegion = en;
			hasScannedForEncodings = 0;
			knownRegions = (
				en,
				Base,
			);
			mainGroup = BEEF300000000000000000A0;
			productRefGroup = BEEF300000000000000000A2 /* Products */;
			projectDirPath = "";
			projectRoot = "";
			targets = (
				BEEF400000000000000000A1 /* Bees */,
			);
		};
/* End PBXProject section */

/* Begin PBXResourcesBuildPhase section */
		BEEF700000000000000000A3 /* Resources */ = {
			isa = PBXResourcesBuildPhase;
			buildActionMask = 2147483647;
			files = (
				BEEF200000000000000000C2 /* Preview Assets.xcassets in Resources */,
				BEEF200000000000000000C1 /* Assets.xcassets in Resources */,
				BEEF200000000000000000F2 /* Videos in Resources */,
			);
			runOnlyForDeploymentPostprocessing = 0;
		};
/* End PBXResourcesBuildPhase section */

/* Begin PBXSourcesBuildPhase section */
		BEEF700000000000000000A1 /* Sources */ = {
			isa = PBXSourcesBuildPhase;
			buildActionMask = 2147483647;
			files = (
				BEEF200000000000000000A1 /* BeesApp.swift in Sources */,
				BEEF200000000000000000A2 /* ContentView.swift in Sources */,
				BEEF200000000000000000A3 /* BeesColors.swift in Sources */,
				BEEF200000000000000000A4 /* BeesTypography.swift in Sources */,
				BEEF200000000000000000A5 /* BeesSpacing.swift in Sources */,
				BEEF200000000000000000A6 /* Tier.swift in Sources */,
				BEEF200000000000000000A7 /* Hive.swift in Sources */,
				BEEF200000000000000000A8 /* HiveSnapshot.swift in Sources */,
				BEEF200000000000000000B2 /* Shipment.swift in Sources */,
				BEEF200000000000000000B3 /* StickerDesign.swift in Sources */,
				BEEF200000000000000000B4 /* StatType.swift in Sources */,
				BEEF200000000000000000D4 /* Achievement.swift in Sources */,
				BEEF200000000000000000D5 /* AuthService.swift in Sources */,
				BEEF200000000000000000A9 /* HiveService.swift in Sources */,
				BEEF200000000000000000B5 /* ShipmentService.swift in Sources */,
				BEEF200000000000000000B6 /* StickerService.swift in Sources */,
				BEEF200000000000000000D6 /* AchievementService.swift in Sources */,
				BEEF200000000000000000AA /* ServiceContainer.swift in Sources */,
				BEEF200000000000000000AB /* Fixtures.swift in Sources */,
				BEEF200000000000000000AC /* HiveTabView.swift in Sources */,
				BEEF200000000000000000AD /* HoneyTabView.swift in Sources */,
				BEEF200000000000000000AE /* FarmTabView.swift in Sources */,
				BEEF200000000000000000AF /* YouTabView.swift in Sources */,
				BEEF200000000000000000B0 /* StatTile.swift in Sources */,
				BEEF200000000000000000F3 /* HiveStatCard.swift in Sources */,
				BEEF200000000000000000B1 /* HealthPill.swift in Sources */,
				BEEF200000000000000000B7 /* BeesButton.swift in Sources */,
				BEEF200000000000000000B8 /* JarPreview.swift in Sources */,
				BEEF200000000000000000B9 /* SectionHeader.swift in Sources */,
				BEEF200000000000000000BA /* StatDetailView.swift in Sources */,
				BEEF200000000000000000BB /* HoneyHomeView.swift in Sources */,
				BEEF200000000000000000BC /* StickerCustomizerView.swift in Sources */,
				BEEF200000000000000000F4 /* JarStudioView.swift in Sources */,
				BEEF200000000000000000BD /* OnboardingFlow.swift in Sources */,
				BEEF200000000000000000BE /* TierComparisonView.swift in Sources */,
				BEEF200000000000000000BF /* TutorialCardsView.swift in Sources */,
				BEEF200000000000000000D1 /* HiveRevealView.swift in Sources */,
				BEEF200000000000000000D2 /* HiveNamingView.swift in Sources */,
				BEEF200000000000000000D3 /* WelcomeView.swift in Sources */,
				BEEF200000000000000000D7 /* AuthFlowView.swift in Sources */,
				BEEF200000000000000000D8 /* ValueCarouselView.swift in Sources */,
				BEEF200000000000000000D9 /* AuthPickerView.swift in Sources */,
				BEEF200000000000000000DA /* EmailAuthFormView.swift in Sources */,
				BEEF200000000000000000DB /* DemoHiveViewerView.swift in Sources */,
				BEEF200000000000000000DC /* GiftFlow.swift in Sources */,
				BEEF200000000000000000DD /* AchievementsView.swift in Sources */,
				BEEF200000000000000000DE /* AchievementDetailView.swift in Sources */,
				BEEF200000000000000000DF /* SubscriptionHomeView.swift in Sources */,
				BEEF200000000000000000E0 /* SwitchTierView.swift in Sources */,
				BEEF200000000000000000E1 /* BillingHistoryView.swift in Sources */,
				BEEF200000000000000000E2 /* CancelSubscriptionFlow.swift in Sources */,
				BEEF200000000000000000E3 /* SettingsHomeView.swift in Sources */,
				BEEF200000000000000000E4 /* SettingsSubViews.swift in Sources */,
				BEEF200000000000000000E5 /* LoopingVideoPlayer.swift in Sources */,
				BEEF200000000000000000E6 /* OnboardingVideoView.swift in Sources */,
				BEEF200000000000000000E7 /* VideoIntroView.swift in Sources */,
				BEEF200000000000000000E8 /* SegmentedProgressBar.swift in Sources */,
				BEEF200000000000000000E9 /* IntroFlow.swift in Sources */,
				BEEF200000000000000000EA /* TutorialFlow.swift in Sources */,
			);
			runOnlyForDeploymentPostprocessing = 0;
		};
/* End PBXSourcesBuildPhase section */

/* Begin XCBuildConfiguration section */
		BEEF900000000000000000A1 /* Debug */ = {
			isa = XCBuildConfiguration;
			buildSettings = {
				ALWAYS_SEARCH_USER_PATHS = NO;
				ASSETCATALOG_COMPILER_GENERATE_SWIFT_ASSET_SYMBOL_EXTENSIONS = YES;
				CLANG_ANALYZER_NONNULL = YES;
				CLANG_ANALYZER_NUMBER_OBJECT_CONVERSION = YES_AGGRESSIVE;
				CLANG_CXX_LANGUAGE_STANDARD = "gnu++20";
				CLANG_ENABLE_MODULES = YES;
				CLANG_ENABLE_OBJC_ARC = YES;
				CLANG_ENABLE_OBJC_WEAK = YES;
				CLANG_WARN_BLOCK_CAPTURE_AUTORELEASING = YES;
				CLANG_WARN_BOOL_CONVERSION = YES;
				CLANG_WARN_COMMA = YES;
				CLANG_WARN_CONSTANT_CONVERSION = YES;
				CLANG_WARN_DEPRECATED_OBJC_IMPLEMENTATIONS = YES;
				CLANG_WARN_DIRECT_OBJC_ISA_USAGE = YES_ERROR;
				CLANG_WARN_DOCUMENTATION_COMMENTS = YES;
				CLANG_WARN_EMPTY_BODY = YES;
				CLANG_WARN_ENUM_CONVERSION = YES;
				CLANG_WARN_INFINITE_RECURSION = YES;
				CLANG_WARN_INT_CONVERSION = YES;
				CLANG_WARN_NON_LITERAL_NULL_CONVERSION = YES;
				CLANG_WARN_OBJC_IMPLICIT_RETAIN_SELF = YES;
				CLANG_WARN_OBJC_LITERAL_CONVERSION = YES;
				CLANG_WARN_OBJC_ROOT_CLASS = YES_ERROR;
				CLANG_WARN_QUOTED_INCLUDE_IN_FRAMEWORK_HEADER = YES;
				CLANG_WARN_RANGE_LOOP_ANALYSIS = YES;
				CLANG_WARN_STRICT_PROTOTYPES = YES;
				CLANG_WARN_SUSPICIOUS_MOVE = YES;
				CLANG_WARN_UNGUARDED_AVAILABILITY = YES_AGGRESSIVE;
				CLANG_WARN_UNREACHABLE_CODE = YES;
				CLANG_WARN__DUPLICATE_METHOD_MATCH = YES;
				COPY_PHASE_STRIP = NO;
				DEBUG_INFORMATION_FORMAT = dwarf;
				ENABLE_STRICT_OBJC_MSGSEND = YES;
				ENABLE_TESTABILITY = YES;
				ENABLE_USER_SCRIPT_SANDBOXING = YES;
				GCC_C_LANGUAGE_STANDARD = gnu17;
				GCC_DYNAMIC_NO_PIC = NO;
				GCC_NO_COMMON_BLOCKS = YES;
				GCC_OPTIMIZATION_LEVEL = 0;
				GCC_PREPROCESSOR_DEFINITIONS = (
					"DEBUG=1",
					"$(inherited)",
				);
				GCC_WARN_64_TO_32_BIT_CONVERSION = YES;
				GCC_WARN_ABOUT_RETURN_TYPE = YES_ERROR;
				GCC_WARN_UNDECLARED_SELECTOR = YES;
				GCC_WARN_UNINITIALIZED_AUTOS = YES_AGGRESSIVE;
				GCC_WARN_UNUSED_FUNCTION = YES;
				GCC_WARN_UNUSED_VARIABLE = YES;
				IPHONEOS_DEPLOYMENT_TARGET = 17.0;
				LOCALIZATION_PREFERS_STRING_CATALOGS = YES;
				MTL_ENABLE_DEBUG_INFO = INCLUDE_SOURCE;
				MTL_FAST_MATH = YES;
				ONLY_ACTIVE_ARCH = YES;
				SDKROOT = iphoneos;
				SWIFT_ACTIVE_COMPILATION_CONDITIONS = "DEBUG $(inherited)";
				SWIFT_OPTIMIZATION_LEVEL = "-Onone";
			};
			name = Debug;
		};
		BEEF900000000000000000A2 /* Release */ = {
			isa = XCBuildConfiguration;
			buildSettings = {
				ALWAYS_SEARCH_USER_PATHS = NO;
				ASSETCATALOG_COMPILER_GENERATE_SWIFT_ASSET_SYMBOL_EXTENSIONS = YES;
				CLANG_ANALYZER_NONNULL = YES;
				CLANG_ANALYZER_NUMBER_OBJECT_CONVERSION = YES_AGGRESSIVE;
				CLANG_CXX_LANGUAGE_STANDARD = "gnu++20";
				CLANG_ENABLE_MODULES = YES;
				CLANG_ENABLE_OBJC_ARC = YES;
				CLANG_ENABLE_OBJC_WEAK = YES;
				CLANG_WARN_BLOCK_CAPTURE_AUTORELEASING = YES;
				CLANG_WARN_BOOL_CONVERSION = YES;
				CLANG_WARN_COMMA = YES;
				CLANG_WARN_CONSTANT_CONVERSION = YES;
				CLANG_WARN_DEPRECATED_OBJC_IMPLEMENTATIONS = YES;
				CLANG_WARN_DIRECT_OBJC_ISA_USAGE = YES_ERROR;
				CLANG_WARN_DOCUMENTATION_COMMENTS = YES;
				CLANG_WARN_EMPTY_BODY = YES;
				CLANG_WARN_ENUM_CONVERSION = YES;
				CLANG_WARN_INFINITE_RECURSION = YES;
				CLANG_WARN_INT_CONVERSION = YES;
				CLANG_WARN_NON_LITERAL_NULL_CONVERSION = YES;
				CLANG_WARN_OBJC_IMPLICIT_RETAIN_SELF = YES;
				CLANG_WARN_OBJC_LITERAL_CONVERSION = YES;
				CLANG_WARN_OBJC_ROOT_CLASS = YES_ERROR;
				CLANG_WARN_QUOTED_INCLUDE_IN_FRAMEWORK_HEADER = YES;
				CLANG_WARN_RANGE_LOOP_ANALYSIS = YES;
				CLANG_WARN_STRICT_PROTOTYPES = YES;
				CLANG_WARN_SUSPICIOUS_MOVE = YES;
				CLANG_WARN_UNGUARDED_AVAILABILITY = YES_AGGRESSIVE;
				CLANG_WARN_UNREACHABLE_CODE = YES;
				CLANG_WARN__DUPLICATE_METHOD_MATCH = YES;
				COPY_PHASE_STRIP = NO;
				DEBUG_INFORMATION_FORMAT = "dwarf-with-dsym";
				ENABLE_NS_ASSERTIONS = NO;
				ENABLE_STRICT_OBJC_MSGSEND = YES;
				ENABLE_USER_SCRIPT_SANDBOXING = YES;
				GCC_C_LANGUAGE_STANDARD = gnu17;
				GCC_NO_COMMON_BLOCKS = YES;
				GCC_WARN_64_TO_32_BIT_CONVERSION = YES;
				GCC_WARN_ABOUT_RETURN_TYPE = YES_ERROR;
				GCC_WARN_UNDECLARED_SELECTOR = YES;
				GCC_WARN_UNINITIALIZED_AUTOS = YES_AGGRESSIVE;
				GCC_WARN_UNUSED_FUNCTION = YES;
				GCC_WARN_UNUSED_VARIABLE = YES;
				IPHONEOS_DEPLOYMENT_TARGET = 17.0;
				LOCALIZATION_PREFERS_STRING_CATALOGS = YES;
				MTL_ENABLE_DEBUG_INFO = NO;
				MTL_FAST_MATH = YES;
				SDKROOT = iphoneos;
				SWIFT_COMPILATION_MODE = wholemodule;
				VALIDATE_PRODUCT = YES;
			};
			name = Release;
		};
		BEEF900000000000000000A3 /* Debug */ = {
			isa = XCBuildConfiguration;
			buildSettings = {
				ASSETCATALOG_COMPILER_APPICON_NAME = AppIcon;
				ASSETCATALOG_COMPILER_GLOBAL_ACCENT_COLOR_NAME = AccentColor;
				CODE_SIGN_STYLE = Automatic;
				CURRENT_PROJECT_VERSION = 1;
				DEVELOPMENT_TEAM = CA6AMPJN2H;
				DEVELOPMENT_ASSET_PATHS = "\"Bees/Preview Content\"";
				ENABLE_PREVIEWS = YES;
				GENERATE_INFOPLIST_FILE = YES;
				INFOPLIST_KEY_CFBundleDisplayName = Bees;
				INFOPLIST_KEY_UIApplicationSceneManifest_Generation = YES;
				INFOPLIST_KEY_UIApplicationSupportsIndirectInputEvents = YES;
				INFOPLIST_KEY_UILaunchScreen_Generation = YES;
				INFOPLIST_KEY_UILaunchScreen_BackgroundColor = LaunchBackground;
				INFOPLIST_KEY_UISupportedInterfaceOrientations_iPhone = "UIInterfaceOrientationPortrait UIInterfaceOrientationLandscapeLeft UIInterfaceOrientationLandscapeRight";
				LD_RUNPATH_SEARCH_PATHS = (
					"$(inherited)",
					"@executable_path/Frameworks",
				);
				MARKETING_VERSION = 2.0;
				PRODUCT_BUNDLE_IDENTIFIER = com.rapoportn21.bees;
				PRODUCT_NAME = "$(TARGET_NAME)";
				SWIFT_EMIT_LOC_STRINGS = YES;
				SWIFT_VERSION = 5.0;
				TARGETED_DEVICE_FAMILY = 1;
			};
			name = Debug;
		};
		BEEF900000000000000000A4 /* Release */ = {
			isa = XCBuildConfiguration;
			buildSettings = {
				ASSETCATALOG_COMPILER_APPICON_NAME = AppIcon;
				ASSETCATALOG_COMPILER_GLOBAL_ACCENT_COLOR_NAME = AccentColor;
				CODE_SIGN_STYLE = Automatic;
				CURRENT_PROJECT_VERSION = 1;
				DEVELOPMENT_TEAM = CA6AMPJN2H;
				DEVELOPMENT_ASSET_PATHS = "\"Bees/Preview Content\"";
				ENABLE_PREVIEWS = YES;
				GENERATE_INFOPLIST_FILE = YES;
				INFOPLIST_KEY_CFBundleDisplayName = Bees;
				INFOPLIST_KEY_UIApplicationSceneManifest_Generation = YES;
				INFOPLIST_KEY_UIApplicationSupportsIndirectInputEvents = YES;
				INFOPLIST_KEY_UILaunchScreen_Generation = YES;
				INFOPLIST_KEY_UILaunchScreen_BackgroundColor = LaunchBackground;
				INFOPLIST_KEY_UISupportedInterfaceOrientations_iPhone = "UIInterfaceOrientationPortrait UIInterfaceOrientationLandscapeLeft UIInterfaceOrientationLandscapeRight";
				LD_RUNPATH_SEARCH_PATHS = (
					"$(inherited)",
					"@executable_path/Frameworks",
				);
				MARKETING_VERSION = 2.0;
				PRODUCT_BUNDLE_IDENTIFIER = com.rapoportn21.bees;
				PRODUCT_NAME = "$(TARGET_NAME)";
				SWIFT_EMIT_LOC_STRINGS = YES;
				SWIFT_VERSION = 5.0;
				TARGETED_DEVICE_FAMILY = 1;
			};
			name = Release;
		};
/* End XCBuildConfiguration section */

/* Begin XCConfigurationList section */
		BEEF800000000000000000A1 /* Build configuration list for PBXProject "Bees" */ = {
			isa = XCConfigurationList;
			buildConfigurations = (
				BEEF900000000000000000A1 /* Debug */,
				BEEF900000000000000000A2 /* Release */,
			);
			defaultConfigurationIsVisible = 0;
			defaultConfigurationName = Release;
		};
		BEEF800000000000000000A2 /* Build configuration list for PBXNativeTarget "Bees" */ = {
			isa = XCConfigurationList;
			buildConfigurations = (
				BEEF900000000000000000A3 /* Debug */,
				BEEF900000000000000000A4 /* Release */,
			);
			defaultConfigurationIsVisible = 0;
			defaultConfigurationName = Release;
		};
/* End XCConfigurationList section */
	};
	rootObject = BEEF600000000000000000A1 /* Project object */;
}
